
Microsoft Visual Studio Solution File, Format Version 12.00
# Visual Studio Version 16
VisualStudioVersion = 16.0.30621.155
MinimumVisualStudioVersion = 10.0.40219.1
Project("{FAE04EC0-301F-11D3-BF4B-00C04F79EFBC}") = "KAB SQL API", "KAB SQL API\KAB SQL API.csproj", "{EFB40A8F-5CC8-438F-95A1-FAD972A8D8A0}"
EndProject
Global
	GlobalSection(SolutionConfigurationPlatforms) = preSolution
		Debug|Any CPU = Debug|Any CPU
		Release|Any CPU = Release|Any CPU
	EndGlobalSection
	GlobalSection(ProjectConfigurationPlatforms) = postSolution
		{EFB40A8F-5CC8-438F-95A1-FAD972A8D8A0}.Debug|Any CPU.ActiveCfg = Debug|Any CPU
		{EFB40A8F-5CC8-438F-95A1-FAD972A8D8A0}.Debug|Any CPU.Build.0 = Debug|Any CPU
		{EFB40A8F-5CC8-438F-95A1-FAD972A8D8A0}.Release|Any CPU.ActiveCfg = Release|Any CPU
		{EFB40A8F-5CC8-438F-95A1-FAD972A8D8A0}.Release|Any CPU.Build.0 = Release|Any CPU
	EndGlobalSection
	GlobalSection(SolutionProperties) = preSolution
		HideSolutionNode = FALSE
	EndGlobalSection
	GlobalSection(ExtensibilityGlobals) = postSolution
		SolutionGuid = {95FACF10-4DBA-466B-BC3C-615A131FC7CE}
	EndGlobalSection
EndGlobal
